
Microsoft Visual Studio Solution File, Format Version 12.00
# Visual Studio Version 17
VisualStudioVersion = 17.8.34309.116
MinimumVisualStudioVersion = 10.0.40219.1
Project("{FAE04EC0-301F-11D3-BF4B-00C04F79EFBC}") = "NuggetPackages", "NuggetPackages\NuggetPackages.csproj", "{638AE944-E69B-4BA5-9064-8D345BEAD1D4}"
EndProject
Global
	GlobalSection(SolutionConfigurationPlatforms) = preSolution
		Debug|Any CPU = Debug|Any CPU
		Release|Any CPU = Release|Any CPU
	EndGlobalSection
	GlobalSection(ProjectConfigurationPlatforms) = postSolution
		{638AE944-E69B-4BA5-9064-8D345BEAD1D4}.Debug|Any CPU.ActiveCfg = Debug|Any CPU
		{638AE944-E69B-4BA5-9064-8D345BEAD1D4}.Debug|Any CPU.Build.0 = Debug|Any CPU
		{638AE944-E69B-4BA5-9064-8D345BEAD1D4}.Release|Any CPU.ActiveCfg = Release|Any CPU
		{638AE944-E69B-4BA5-9064-8D345BEAD1D4}.Release|Any CPU.Build.0 = Release|Any CPU
	EndGlobalSection
	GlobalSection(SolutionProperties) = preSolution
		HideSolutionNode = FALSE
	EndGlobalSection
	GlobalSection(ExtensibilityGlobals) = postSolution
		SolutionGuid = {07BD28B4-1E61-48A5-AF93-75947473E17A}
	EndGlobalSection
EndGlobal
