
Microsoft Visual Studio Solution File, Format Version 12.00
# Visual Studio Version 17
VisualStudioVersion = 17.7.34221.43
MinimumVisualStudioVersion = 10.0.40219.1
Project("{FAE04EC0-301F-11D3-BF4B-00C04F79EFBC}") = "class_interface", "class_interface\class_interface.csproj", "{A8214AF6-9685-426C-9939-BAA21DBD0DA5}"
EndProject
Global
	GlobalSection(SolutionConfigurationPlatforms) = preSolution
		Debug|Any CPU = Debug|Any CPU
		Release|Any CPU = Release|Any CPU
	EndGlobalSection
	GlobalSection(ProjectConfigurationPlatforms) = postSolution
		{A8214AF6-9685-426C-9939-BAA21DBD0DA5}.Debug|Any CPU.ActiveCfg = Debug|Any CPU
		{A8214AF6-9685-426C-9939-BAA21DBD0DA5}.Debug|Any CPU.Build.0 = Debug|Any CPU
		{A8214AF6-9685-426C-9939-BAA21DBD0DA5}.Release|Any CPU.ActiveCfg = Release|Any CPU
		{A8214AF6-9685-426C-9939-BAA21DBD0DA5}.Release|Any CPU.Build.0 = Release|Any CPU
	EndGlobalSection
	GlobalSection(SolutionProperties) = preSolution
		HideSolutionNode = FALSE
	EndGlobalSection
	GlobalSection(ExtensibilityGlobals) = postSolution
		SolutionGuid = {97895B8F-1ACB-4509-B186-73E604E105C5}
	EndGlobalSection
EndGlobal
