
Microsoft Visual Studio Solution File, Format Version 12.00
# Visual Studio Version 17
VisualStudioVersion = 17.7.34221.43
MinimumVisualStudioVersion = 10.0.40219.1
Project("{FAE04EC0-301F-11D3-BF4B-00C04F79EFBC}") = "HelloWorldWithVS", "HelloWorldWithVS\HelloWorldWithVS.csproj", "{6B2A6C81-FCB8-4F0A-BEBE-CDAC35A6D590}"
EndProject
Global
	GlobalSection(SolutionConfigurationPlatforms) = preSolution
		Debug|Any CPU = Debug|Any CPU
		Release|Any CPU = Release|Any CPU
	EndGlobalSection
	GlobalSection(ProjectConfigurationPlatforms) = postSolution
		{6B2A6C81-FCB8-4F0A-BEBE-CDAC35A6D590}.Debug|Any CPU.ActiveCfg = Debug|Any CPU
		{6B2A6C81-FCB8-4F0A-BEBE-CDAC35A6D590}.Debug|Any CPU.Build.0 = Debug|Any CPU
		{6B2A6C81-FCB8-4F0A-BEBE-CDAC35A6D590}.Release|Any CPU.ActiveCfg = Release|Any CPU
		{6B2A6C81-FCB8-4F0A-BEBE-CDAC35A6D590}.Release|Any CPU.Build.0 = Release|Any CPU
	EndGlobalSection
	GlobalSection(SolutionProperties) = preSolution
		HideSolutionNode = FALSE
	EndGlobalSection
	GlobalSection(ExtensibilityGlobals) = postSolution
		SolutionGuid = {C3FBFF48-F62A-40E2-8432-DA504D3C87E3}
	EndGlobalSection
EndGlobal
