
Microsoft Visual Studio Solution File, Format Version 12.00
# Visual Studio Version 17
VisualStudioVersion = 17.7.34221.43
MinimumVisualStudioVersion = 10.0.40219.1
Project("{FAE04EC0-301F-11D3-BF4B-00C04F79EFBC}") = "HelloWorldWithVS", "HelloWorldWithVS\HelloWorldWithVS.csproj", "{679E8DBE-6AEB-457A-981E-3CC2CA63D6AA}"
EndProject
Project("{FAE04EC0-301F-11D3-BF4B-00C04F79EFBC}") = "Operator", "Operator\Operator.csproj", "{B52167C6-BCF6-42D3-962A-EDE87555E19F}"
EndProject
Global
	GlobalSection(SolutionConfigurationPlatforms) = preSolution
		Debug|Any CPU = Debug|Any CPU
		Release|Any CPU = Release|Any CPU
	EndGlobalSection
	GlobalSection(ProjectConfigurationPlatforms) = postSolution
		{679E8DBE-6AEB-457A-981E-3CC2CA63D6AA}.Debug|Any CPU.ActiveCfg = Debug|Any CPU
		{679E8DBE-6AEB-457A-981E-3CC2CA63D6AA}.Debug|Any CPU.Build.0 = Debug|Any CPU
		{679E8DBE-6AEB-457A-981E-3CC2CA63D6AA}.Release|Any CPU.ActiveCfg = Release|Any CPU
		{679E8DBE-6AEB-457A-981E-3CC2CA63D6AA}.Release|Any CPU.Build.0 = Release|Any CPU
		{B52167C6-BCF6-42D3-962A-EDE87555E19F}.Debug|Any CPU.ActiveCfg = Debug|Any CPU
		{B52167C6-BCF6-42D3-962A-EDE87555E19F}.Debug|Any CPU.Build.0 = Debug|Any CPU
		{B52167C6-BCF6-42D3-962A-EDE87555E19F}.Release|Any CPU.ActiveCfg = Release|Any CPU
		{B52167C6-BCF6-42D3-962A-EDE87555E19F}.Release|Any CPU.Build.0 = Release|Any CPU
	EndGlobalSection
	GlobalSection(SolutionProperties) = preSolution
		HideSolutionNode = FALSE
	EndGlobalSection
	GlobalSection(ExtensibilityGlobals) = postSolution
		SolutionGuid = {6FCCA153-AF60-4B25-B07C-13658FB0B3BB}
	EndGlobalSection
EndGlobal
